
Microsoft Visual Studio Solution File, Format Version 12.00
# Visual Studio 2013
VisualStudioVersion = 12.0.31101.0
MinimumVisualStudioVersion = 10.0.40219.1
Project("{8BC9CEB8-8B4A-11D0-8D11-00A0C91BC942}") = "01. Variations01", "01. Variations01\01. Variations01.vcxproj", "{8A83D015-EE3E-4CD0-A605-6BE44B4F72CA}"
EndProject
Project("{8BC9CEB8-8B4A-11D0-8D11-00A0C91BC942}") = "02. ArrayEvenElements", "02. ArrayEvenElements\02. ArrayEvenElements.vcxproj", "{78C08F5F-60AF-4BC7-9256-A905BA599D46}"
EndProject
Project("{8BC9CEB8-8B4A-11D0-8D11-00A0C91BC942}") = "03. TriangleRecursion", "03. TriangleRecursion\03. TriangleRecursion.vcxproj", "{176A45DD-6408-4F01-844E-7001EFEA2728}"
EndProject
Global
	GlobalSection(SolutionConfigurationPlatforms) = preSolution
		Debug|Win32 = Debug|Win32
		Release|Win32 = Release|Win32
	EndGlobalSection
	GlobalSection(ProjectConfigurationPlatforms) = postSolution
		{8A83D015-EE3E-4CD0-A605-6BE44B4F72CA}.Debug|Win32.ActiveCfg = Debug|Win32
		{8A83D015-EE3E-4CD0-A605-6BE44B4F72CA}.Debug|Win32.Build.0 = Debug|Win32
		{8A83D015-EE3E-4CD0-A605-6BE44B4F72CA}.Release|Win32.ActiveCfg = Release|Win32
		{8A83D015-EE3E-4CD0-A605-6BE44B4F72CA}.Release|Win32.Build.0 = Release|Win32
		{78C08F5F-60AF-4BC7-9256-A905BA599D46}.Debug|Win32.ActiveCfg = Debug|Win32
		{78C08F5F-60AF-4BC7-9256-A905BA599D46}.Debug|Win32.Build.0 = Debug|Win32
		{78C08F5F-60AF-4BC7-9256-A905BA599D46}.Release|Win32.ActiveCfg = Release|Win32
		{78C08F5F-60AF-4BC7-9256-A905BA599D46}.Release|Win32.Build.0 = Release|Win32
		{176A45DD-6408-4F01-844E-7001EFEA2728}.Debug|Win32.ActiveCfg = Debug|Win32
		{176A45DD-6408-4F01-844E-7001EFEA2728}.Debug|Win32.Build.0 = Debug|Win32
		{176A45DD-6408-4F01-844E-7001EFEA2728}.Release|Win32.ActiveCfg = Release|Win32
		{176A45DD-6408-4F01-844E-7001EFEA2728}.Release|Win32.Build.0 = Release|Win32
	EndGlobalSection
	GlobalSection(SolutionProperties) = preSolution
		HideSolutionNode = FALSE
	EndGlobalSection
EndGlobal
